
Microsoft Visual Studio Solution File, Format Version 12.00
# Visual Studio Version 16
VisualStudioVersion = 16.0.29326.143
MinimumVisualStudioVersion = 10.0.40219.1
Project("{FAE04EC0-301F-11D3-BF4B-00C04F79EFBC}") = "HeThongDiemDanh", "HeThongDiemDanh\HeThongDiemDanh.csproj", "{F20094AA-24AD-49FB-A0EE-F2C09ACDBD41}"
EndProject
Global
	GlobalSection(SolutionConfigurationPlatforms) = preSolution
		Debug|Any CPU = Debug|Any CPU
		Release|Any CPU = Release|Any CPU
	EndGlobalSection
	GlobalSection(ProjectConfigurationPlatforms) = postSolution
		{F20094AA-24AD-49FB-A0EE-F2C09ACDBD41}.Debug|Any CPU.ActiveCfg = Debug|Any CPU
		{F20094AA-24AD-49FB-A0EE-F2C09ACDBD41}.Debug|Any CPU.Build.0 = Debug|Any CPU
		{F20094AA-24AD-49FB-A0EE-F2C09ACDBD41}.Release|Any CPU.ActiveCfg = Release|Any CPU
		{F20094AA-24AD-49FB-A0EE-F2C09ACDBD41}.Release|Any CPU.Build.0 = Release|Any CPU
	EndGlobalSection
	GlobalSection(SolutionProperties) = preSolution
		HideSolutionNode = FALSE
	EndGlobalSection
	GlobalSection(ExtensibilityGlobals) = postSolution
		SolutionGuid = {A9FF214F-DD64-44E4-AF2A-716B73A4DE9C}
	EndGlobalSection
EndGlobal
